
Microsoft Visual Studio Solution File, Format Version 12.00
# Visual Studio Version 17
VisualStudioVersion = 17.7.34302.85
MinimumVisualStudioVersion = 10.0.40219.1
Project("{9A19103F-16F7-4668-BE54-9A1E7A4F7556}") = "Keyholic", "Keyholic.csproj", "{DEEA803C-C6DA-4353-B673-899DB327AD07}"
EndProject
Global
	GlobalSection(SolutionConfigurationPlatforms) = preSolution
		Debug|Any CPU = Debug|Any CPU
		Release|Any CPU = Release|Any CPU
	EndGlobalSection
	GlobalSection(ProjectConfigurationPlatforms) = postSolution
		{DEEA803C-C6DA-4353-B673-899DB327AD07}.Debug|Any CPU.ActiveCfg = Debug|Any CPU
		{DEEA803C-C6DA-4353-B673-899DB327AD07}.Debug|Any CPU.Build.0 = Debug|Any CPU
		{DEEA803C-C6DA-4353-B673-899DB327AD07}.Release|Any CPU.ActiveCfg = Release|Any CPU
		{DEEA803C-C6DA-4353-B673-899DB327AD07}.Release|Any CPU.Build.0 = Release|Any CPU
	EndGlobalSection
	GlobalSection(SolutionProperties) = preSolution
		HideSolutionNode = FALSE
	EndGlobalSection
	GlobalSection(ExtensibilityGlobals) = postSolution
		SolutionGuid = {D82F1D9A-39D2-4E12-B7B1-8FE53BA072D7}
	EndGlobalSection
EndGlobal
